
Microsoft Visual Studio Solution File, Format Version 12.00
# Visual Studio 15
VisualStudioVersion = 15.0.27130.2020
MinimumVisualStudioVersion = 10.0.40219.1
Project("{FAE04EC0-301F-11D3-BF4B-00C04F79EFBC}") = "BirthdayTracker.API", "BirthdayTracker.Backservice\BirthdayTracker.API.csproj", "{0844A78E-2FDC-4681-A52B-93F1A3E144CC}"
EndProject
Project("{FAE04EC0-301F-11D3-BF4B-00C04F79EFBC}") = "BirthdayTracker.UI", "BirthdayTracker.UI\BirthdayTracker.UI.csproj", "{58437DA2-6DE2-45A9-B443-D71F479E9A4A}"
EndProject
Global
	GlobalSection(SolutionConfigurationPlatforms) = preSolution
		Debug|Any CPU = Debug|Any CPU
		Release|Any CPU = Release|Any CPU
	EndGlobalSection
	GlobalSection(ProjectConfigurationPlatforms) = postSolution
		{0844A78E-2FDC-4681-A52B-93F1A3E144CC}.Debug|Any CPU.ActiveCfg = Debug|Any CPU
		{0844A78E-2FDC-4681-A52B-93F1A3E144CC}.Debug|Any CPU.Build.0 = Debug|Any CPU
		{0844A78E-2FDC-4681-A52B-93F1A3E144CC}.Release|Any CPU.ActiveCfg = Release|Any CPU
		{0844A78E-2FDC-4681-A52B-93F1A3E144CC}.Release|Any CPU.Build.0 = Release|Any CPU
		{58437DA2-6DE2-45A9-B443-D71F479E9A4A}.Debug|Any CPU.ActiveCfg = Debug|Any CPU
		{58437DA2-6DE2-45A9-B443-D71F479E9A4A}.Debug|Any CPU.Build.0 = Debug|Any CPU
		{58437DA2-6DE2-45A9-B443-D71F479E9A4A}.Release|Any CPU.ActiveCfg = Release|Any CPU
		{58437DA2-6DE2-45A9-B443-D71F479E9A4A}.Release|Any CPU.Build.0 = Release|Any CPU
	EndGlobalSection
	GlobalSection(SolutionProperties) = preSolution
		HideSolutionNode = FALSE
	EndGlobalSection
	GlobalSection(ExtensibilityGlobals) = postSolution
		SolutionGuid = {78FE5FF2-8858-497A-BBE2-9BD3E9B7E292}
	EndGlobalSection
EndGlobal
